// !$*UTF8*$!
{
	archiveVersion = 1;
	classes = {
	};
	objectVersion = 52;
	objects = {

/* Begin PBXBuildFile section */
		4917861226282AAD00C76333 /* APIManager.swift in Sources */ = {isa = PBXBuildFile; fileRef = 4917861126282AAD00C76333 /* APIManager.swift */; };
		4917861626282C8000C76333 /* DrinksItemCell.swift in Sources */ = {isa = PBXBuildFile; fileRef = 4917861426282C8000C76333 /* DrinksItemCell.swift */; };
		4917861726282C8000C76333 /* DrinksItemCell.xib in Resources */ = {isa = PBXBuildFile; fileRef = 4917861526282C8000C76333 /* DrinksItemCell.xib */; };
		4917861B2628346200C76333 /* UIView+SLOW.swift in Sources */ = {isa = PBXBuildFile; fileRef = 4917861A2628346200C76333 /* UIView+SLOW.swift */; };
		4917862526283BE400C76333 /* OrderViewModel.swift in Sources */ = {isa = PBXBuildFile; fileRef = 4917862426283BE400C76333 /* OrderViewModel.swift */; };
		4917862926283CB600C76333 /* DrinksItemViewModel.swift in Sources */ = {isa = PBXBuildFile; fileRef = 4917862826283CB600C76333 /* DrinksItemViewModel.swift */; };
		493A5A8D262EBE4100CB6397 /* UIColor+SLOW.swift in Sources */ = {isa = PBXBuildFile; fileRef = 493A5A8C262EBE4100CB6397 /* UIColor+SLOW.swift */; };
		4966737426258D6D00B62622 /* AppDelegate.swift in Sources */ = {isa = PBXBuildFile; fileRef = 4966737326258D6D00B62622 /* AppDelegate.swift */; };
		4966737626258D6D00B62622 /* SceneDelegate.swift in Sources */ = {isa = PBXBuildFile; fileRef = 4966737526258D6D00B62622 /* SceneDelegate.swift */; };
		4966737826258D6D00B62622 /* OrderViewController.swift in Sources */ = {isa = PBXBuildFile; fileRef = 4966737726258D6D00B62622 /* OrderViewController.swift */; };
		4966737B26258D6D00B62622 /* Main.storyboard in Resources */ = {isa = PBXBuildFile; fileRef = 4966737926258D6D00B62622 /* Main.storyboard */; };
		4966737D26258D6F00B62622 /* Assets.xcassets in Resources */ = {isa = PBXBuildFile; fileRef = 4966737C26258D6F00B62622 /* Assets.xcassets */; };
		4966738026258D6F00B62622 /* LaunchScreen.storyboard in Resources */ = {isa = PBXBuildFile; fileRef = 4966737E26258D6F00B62622 /* LaunchScreen.storyboard */; };
		4966738B2625908E00B62622 /* Alamofire in Frameworks */ = {isa = PBXBuildFile; productRef = 4966738A2625908E00B62622 /* Alamofire */; };
		4966738F262590A300B62622 /* SnapKit in Frameworks */ = {isa = PBXBuildFile; productRef = 4966738E262590A300B62622 /* SnapKit */; };
		49667392262596B900B62622 /* Client.swift in Sources */ = {isa = PBXBuildFile; fileRef = 49667391262596B900B62622 /* Client.swift */; };
		496673962626A69A00B62622 /* DebugUtils.swift in Sources */ = {isa = PBXBuildFile; fileRef = 496673952626A69A00B62622 /* DebugUtils.swift */; };
/* End PBXBuildFile section */

/* Begin PBXFileReference section */
		4917861126282AAD00C76333 /* APIManager.swift */ = {isa = PBXFileReference; lastKnownFileType = sourcecode.swift; path = APIManager.swift; sourceTree = "<group>"; };
		4917861426282C8000C76333 /* DrinksItemCell.swift */ = {isa = PBXFileReference; lastKnownFileType = sourcecode.swift; path = DrinksItemCell.swift; sourceTree = "<group>"; };
		4917861526282C8000C76333 /* DrinksItemCell.xib */ = {isa = PBXFileReference; lastKnownFileType = file.xib; path = DrinksItemCell.xib; sourceTree = "<group>"; };
		4917861A2628346200C76333 /* UIView+SLOW.swift */ = {isa = PBXFileReference; lastKnownFileType = sourcecode.swift; path = "UIView+SLOW.swift"; sourceTree = "<group>"; };
		4917862426283BE400C76333 /* OrderViewModel.swift */ = {isa = PBXFileReference; lastKnownFileType = sourcecode.swift; path = OrderViewModel.swift; sourceTree = "<group>"; };
		4917862826283CB600C76333 /* DrinksItemViewModel.swift */ = {isa = PBXFileReference; lastKnownFileType = sourcecode.swift; path = DrinksItemViewModel.swift; sourceTree = "<group>"; };
		493A5A8C262EBE4100CB6397 /* UIColor+SLOW.swift */ = {isa = PBXFileReference; lastKnownFileType = sourcecode.swift; path = "UIColor+SLOW.swift"; sourceTree = "<group>"; };
		4966737026258D6D00B62622 /* Slow Drinks.app */ = {isa = PBXFileReference; explicitFileType = wrapper.application; includeInIndex = 0; path = "Slow Drinks.app"; sourceTree = BUILT_PRODUCTS_DIR; };
		4966737326258D6D00B62622 /* AppDelegate.swift */ = {isa = PBXFileReference; lastKnownFileType = sourcecode.swift; path = AppDelegate.swift; sourceTree = "<group>"; };
		4966737526258D6D00B62622 /* SceneDelegate.swift */ = {isa = PBXFileReference; lastKnownFileType = sourcecode.swift; path = SceneDelegate.swift; sourceTree = "<group>"; };
		4966737726258D6D00B62622 /* OrderViewController.swift */ = {isa = PBXFileReference; lastKnownFileType = sourcecode.swift; path = OrderViewController.swift; sourceTree = "<group>"; };
		4966737A26258D6D00B62622 /* Base */ = {isa = PBXFileReference; lastKnownFileType = file.storyboard; name = Base; path = Base.lproj/Main.storyboard; sourceTree = "<group>"; };
		4966737C26258D6F00B62622 /* Assets.xcassets */ = {isa = PBXFileReference; lastKnownFileType = folder.assetcatalog; path = Assets.xcassets; sourceTree = "<group>"; };
		4966737F26258D6F00B62622 /* Base */ = {isa = PBXFileReference; lastKnownFileType = file.storyboard; name = Base; path = Base.lproj/LaunchScreen.storyboard; sourceTree = "<group>"; };
		4966738126258D6F00B62622 /* Info.plist */ = {isa = PBXFileReference; lastKnownFileType = text.plist.xml; path = Info.plist; sourceTree = "<group>"; };
		49667391262596B900B62622 /* Client.swift */ = {isa = PBXFileReference; lastKnownFileType = sourcecode.swift; path = Client.swift; sourceTree = "<group>"; };
		496673952626A69A00B62622 /* DebugUtils.swift */ = {isa = PBXFileReference; fileEncoding = 4; lastKnownFileType = sourcecode.swift; path = DebugUtils.swift; sourceTree = "<group>"; };
/* End PBXFileReference section */

/* Begin PBXFrameworksBuildPhase section */
		4966736D26258D6D00B62622 /* Frameworks */ = {
			isa = PBXFrameworksBuildPhase;
			buildActionMask = 2147483647;
			files = (
				4966738B2625908E00B62622 /* Alamofire in Frameworks */,
				4966738F262590A300B62622 /* SnapKit in Frameworks */,
			);
			runOnlyForDeploymentPostprocessing = 0;
		};
/* End PBXFrameworksBuildPhase section */

/* Begin PBXGroup section */
		491786192628344A00C76333 /* Extension */ = {
			isa = PBXGroup;
			children = (
				4917861A2628346200C76333 /* UIView+SLOW.swift */,
				493A5A8C262EBE4100CB6397 /* UIColor+SLOW.swift */,
			);
			path = Extension;
			sourceTree = "<group>";
		};
		4917861E2628347200C76333 /* Resources */ = {
			isa = PBXGroup;
			children = (
				4966737C26258D6F00B62622 /* Assets.xcassets */,
				4966737E26258D6F00B62622 /* LaunchScreen.storyboard */,
				4966738126258D6F00B62622 /* Info.plist */,
			);
			path = Resources;
			sourceTree = "<group>";
		};
		4917862226283BB600C76333 /* Utilities */ = {
			isa = PBXGroup;
			children = (
				496673952626A69A00B62622 /* DebugUtils.swift */,
			);
			path = Utilities;
			sourceTree = "<group>";
		};
		4917862326283BCD00C76333 /* Manager */ = {
			isa = PBXGroup;
			children = (
				4917861126282AAD00C76333 /* APIManager.swift */,
			);
			path = Manager;
			sourceTree = "<group>";
		};
		4966736726258D6D00B62622 = {
			isa = PBXGroup;
			children = (
				4966737226258D6D00B62622 /* Slow Drinks */,
				4966737126258D6D00B62622 /* Products */,
			);
			sourceTree = "<group>";
		};
		4966737126258D6D00B62622 /* Products */ = {
			isa = PBXGroup;
			children = (
				4966737026258D6D00B62622 /* Slow Drinks.app */,
			);
			name = Products;
			sourceTree = "<group>";
		};
		4966737226258D6D00B62622 /* Slow Drinks */ = {
			isa = PBXGroup;
			children = (
				4966737326258D6D00B62622 /* AppDelegate.swift */,
				4966737526258D6D00B62622 /* SceneDelegate.swift */,
				49667391262596B900B62622 /* Client.swift */,
				4966737726258D6D00B62622 /* OrderViewController.swift */,
				4917862426283BE400C76333 /* OrderViewModel.swift */,
				4917861426282C8000C76333 /* DrinksItemCell.swift */,
				4917862826283CB600C76333 /* DrinksItemViewModel.swift */,
				4917861526282C8000C76333 /* DrinksItemCell.xib */,
				4966737926258D6D00B62622 /* Main.storyboard */,
				4917862326283BCD00C76333 /* Manager */,
				4917862226283BB600C76333 /* Utilities */,
				4917861E2628347200C76333 /* Resources */,
				491786192628344A00C76333 /* Extension */,
			);
			path = "Slow Drinks";
			sourceTree = "<group>";
		};
/* End PBXGroup section */

/* Begin PBXNativeTarget section */
		4966736F26258D6D00B62622 /* Slow Drinks */ = {
			isa = PBXNativeTarget;
			buildConfigurationList = 4966738426258D6F00B62622 /* Build configuration list for PBXNativeTarget "Slow Drinks" */;
			buildPhases = (
				4966736C26258D6D00B62622 /* Sources */,
				4966736D26258D6D00B62622 /* Frameworks */,
				4966736E26258D6D00B62622 /* Resources */,
			);
			buildRules = (
			);
			dependencies = (
			);
			name = "Slow Drinks";
			packageProductDependencies = (
				4966738A2625908E00B62622 /* Alamofire */,
				4966738E262590A300B62622 /* SnapKit */,
			);
			productName = "Slow Drinks";
			productReference = 4966737026258D6D00B62622 /* Slow Drinks.app */;
			productType = "com.apple.product-type.application";
		};
/* End PBXNativeTarget section */

/* Begin PBXProject section */
		4966736826258D6D00B62622 /* Project object */ = {
			isa = PBXProject;
			attributes = {
				LastSwiftUpdateCheck = 1240;
				LastUpgradeCheck = 1240;
				TargetAttributes = {
					4966736F26258D6D00B62622 = {
						CreatedOnToolsVersion = 12.4;
					};
				};
			};
			buildConfigurationList = 4966736B26258D6D00B62622 /* Build configuration list for PBXProject "Slow Drinks" */;
			compatibilityVersion = "Xcode 9.3";
			developmentRegion = en;
			hasScannedForEncodings = 0;
			knownRegions = (
				en,
				Base,
			);
			mainGroup = 4966736726258D6D00B62622;
			packageReferences = (
				496673892625908E00B62622 /* XCRemoteSwiftPackageReference "Alamofire" */,
				4966738D262590A300B62622 /* XCRemoteSwiftPackageReference "SnapKit" */,
			);
			productRefGroup = 4966737126258D6D00B62622 /* Products */;
			projectDirPath = "";
			projectRoot = "";
			targets = (
				4966736F26258D6D00B62622 /* Slow Drinks */,
			);
		};
/* End PBXProject section */

/* Begin PBXResourcesBuildPhase section */
		4966736E26258D6D00B62622 /* Resources */ = {
			isa = PBXResourcesBuildPhase;
			buildActionMask = 2147483647;
			files = (
				4966738026258D6F00B62622 /* LaunchScreen.storyboard in Resources */,
				4917861726282C8000C76333 /* DrinksItemCell.xib in Resources */,
				4966737D26258D6F00B62622 /* Assets.xcassets in Resources */,
				4966737B26258D6D00B62622 /* Main.storyboard in Resources */,
			);
			runOnlyForDeploymentPostprocessing = 0;
		};
/* End PBXResourcesBuildPhase section */

/* Begin PBXSourcesBuildPhase section */
		4966736C26258D6D00B62622 /* Sources */ = {
			isa = PBXSourcesBuildPhase;
			buildActionMask = 2147483647;
			files = (
				4917862926283CB600C76333 /* DrinksItemViewModel.swift in Sources */,
				4917861226282AAD00C76333 /* APIManager.swift in Sources */,
				496673962626A69A00B62622 /* DebugUtils.swift in Sources */,
				4966737826258D6D00B62622 /* OrderViewController.swift in Sources */,
				4917862526283BE400C76333 /* OrderViewModel.swift in Sources */,
				4966737426258D6D00B62622 /* AppDelegate.swift in Sources */,
				49667392262596B900B62622 /* Client.swift in Sources */,
				493A5A8D262EBE4100CB6397 /* UIColor+SLOW.swift in Sources */,
				4917861B2628346200C76333 /* UIView+SLOW.swift in Sources */,
				4917861626282C8000C76333 /* DrinksItemCell.swift in Sources */,
				4966737626258D6D00B62622 /* SceneDelegate.swift in Sources */,
			);
			runOnlyForDeploymentPostprocessing = 0;
		};
/* End PBXSourcesBuildPhase section */

/* Begin PBXVariantGroup section */
		4966737926258D6D00B62622 /* Main.storyboard */ = {
			isa = PBXVariantGroup;
			children = (
				4966737A26258D6D00B62622 /* Base */,
			);
			name = Main.storyboard;
			sourceTree = "<group>";
		};
		4966737E26258D6F00B62622 /* LaunchScreen.storyboard */ = {
			isa = PBXVariantGroup;
			children = (
				4966737F26258D6F00B62622 /* Base */,
			);
			name = LaunchScreen.storyboard;
			sourceTree = "<group>";
		};
/* End PBXVariantGroup section */

/* Begin XCBuildConfiguration section */
		4966738226258D6F00B62622 /* Debug */ = {
			isa = XCBuildConfiguration;
			buildSettings = {
				ALWAYS_SEARCH_USER_PATHS = NO;
				CLANG_ANALYZER_NONNULL = YES;
				CLANG_ANALYZER_NUMBER_OBJECT_CONVERSION = YES_AGGRESSIVE;
				CLANG_CXX_LANGUAGE_STANDARD = "gnu++14";
				CLANG_CXX_LIBRARY = "libc++";
				CLANG_ENABLE_MODULES = YES;
				CLANG_ENABLE_OBJC_ARC = YES;
				CLANG_ENABLE_OBJC_WEAK = YES;
				CLANG_WARN_BLOCK_CAPTURE_AUTORELEASING = YES;
				CLANG_WARN_BOOL_CONVERSION = YES;
				CLANG_WARN_COMMA = YES;
				CLANG_WARN_CONSTANT_CONVERSION = YES;
				CLANG_WARN_DEPRECATED_OBJC_IMPLEMENTATIONS = YES;
				CLANG_WARN_DIRECT_OBJC_ISA_USAGE = YES_ERROR;
				CLANG_WARN_DOCUMENTATION_COMMENTS = YES;
				CLANG_WARN_EMPTY_BODY = YES;
				CLANG_WARN_ENUM_CONVERSION = YES;
				CLANG_WARN_INFINITE_RECURSION = YES;
				CLANG_WARN_INT_CONVERSION = YES;
				CLANG_WARN_NON_LITERAL_NULL_CONVERSION = YES;
				CLANG_WARN_OBJC_IMPLICIT_RETAIN_SELF = YES;
				CLANG_WARN_OBJC_LITERAL_CONVERSION = YES;
				CLANG_WARN_OBJC_ROOT_CLASS = YES_ERROR;
				CLANG_WARN_QUOTED_INCLUDE_IN_FRAMEWORK_HEADER = YES;
				CLANG_WARN_RANGE_LOOP_ANALYSIS = YES;
				CLANG_WARN_STRICT_PROTOTYPES = YES;
				CLANG_WARN_SUSPICIOUS_MOVE = YES;
				CLANG_WARN_UNGUARDED_AVAILABILITY = YES_AGGRESSIVE;
				CLANG_WARN_UNREACHABLE_CODE = YES;
				CLANG_WARN__DUPLICATE_METHOD_MATCH = YES;
				COPY_PHASE_STRIP = NO;
				DEBUG_INFORMATION_FORMAT = dwarf;
				ENABLE_STRICT_OBJC_MSGSEND = YES;
				ENABLE_TESTABILITY = YES;
				GCC_C_LANGUAGE_STANDARD = gnu11;
				GCC_DYNAMIC_NO_PIC = NO;
				GCC_NO_COMMON_BLOCKS = YES;
				GCC_OPTIMIZATION_LEVEL = 0;
				GCC_PREPROCESSOR_DEFINITIONS = (
					"DEBUG=1",
					"$(inherited)",
				);
				GCC_WARN_64_TO_32_BIT_CONVERSION = YES;
				GCC_WARN_ABOUT_RETURN_TYPE = YES_ERROR;
				GCC_WARN_UNDECLARED_SELECTOR = YES;
				GCC_WARN_UNINITIALIZED_AUTOS = YES_AGGRESSIVE;
				GCC_WARN_UNUSED_FUNCTION = YES;
				GCC_WARN_UNUSED_VARIABLE = YES;
				IPHONEOS_DEPLOYMENT_TARGET = 14.4;
				MTL_ENABLE_DEBUG_INFO = INCLUDE_SOURCE;
				MTL_FAST_MATH = YES;
				ONLY_ACTIVE_ARCH = YES;
				SDKROOT = iphoneos;
				SWIFT_ACTIVE_COMPILATION_CONDITIONS = DEBUG;
				SWIFT_OPTIMIZATION_LEVEL = "-Onone";
			};
			name = Debug;
		};
		4966738326258D6F00B62622 /* Release */ = {
			isa = XCBuildConfiguration;
			buildSettings = {
				ALWAYS_SEARCH_USER_PATHS = NO;
				CLANG_ANALYZER_NONNULL = YES;
				CLANG_ANALYZER_NUMBER_OBJECT_CONVERSION = YES_AGGRESSIVE;
				CLANG_CXX_LANGUAGE_STANDARD = "gnu++14";
				CLANG_CXX_LIBRARY = "libc++";
				CLANG_ENABLE_MODULES = YES;
				CLANG_ENABLE_OBJC_ARC = YES;
				CLANG_ENABLE_OBJC_WEAK = YES;
				CLANG_WARN_BLOCK_CAPTURE_AUTORELEASING = YES;
				CLANG_WARN_BOOL_CONVERSION = YES;
				CLANG_WARN_COMMA = YES;
				CLANG_WARN_CONSTANT_CONVERSION = YES;
				CLANG_WARN_DEPRECATED_OBJC_IMPLEMENTATIONS = YES;
				CLANG_WARN_DIRECT_OBJC_ISA_USAGE = YES_ERROR;
				CLANG_WARN_DOCUMENTATION_COMMENTS = YES;
				CLANG_WARN_EMPTY_BODY = YES;
				CLANG_WARN_ENUM_CONVERSION = YES;
				CLANG_WARN_INFINITE_RECURSION = YES;
				CLANG_WARN_INT_CONVERSION = YES;
				CLANG_WARN_NON_LITERAL_NULL_CONVERSION = YES;
				CLANG_WARN_OBJC_IMPLICIT_RETAIN_SELF = YES;
				CLANG_WARN_OBJC_LITERAL_CONVERSION = YES;
				CLANG_WARN_OBJC_ROOT_CLASS = YES_ERROR;
				CLANG_WARN_QUOTED_INCLUDE_IN_FRAMEWORK_HEADER = YES;
				CLANG_WARN_RANGE_LOOP_ANALYSIS = YES;
				CLANG_WARN_STRICT_PROTOTYPES = YES;
				CLANG_WARN_SUSPICIOUS_MOVE = YES;
				CLANG_WARN_UNGUARDED_AVAILABILITY = YES_AGGRESSIVE;
				CLANG_WARN_UNREACHABLE_CODE = YES;
				CLANG_WARN__DUPLICATE_METHOD_MATCH = YES;
				COPY_PHASE_STRIP = NO;
				DEBUG_INFORMATION_FORMAT = "dwarf-with-dsym";
				ENABLE_NS_ASSERTIONS = NO;
				ENABLE_STRICT_OBJC_MSGSEND = YES;
				GCC_C_LANGUAGE_STANDARD = gnu11;
				GCC_NO_COMMON_BLOCKS = YES;
				GCC_WARN_64_TO_32_BIT_CONVERSION = YES;
				GCC_WARN_ABOUT_RETURN_TYPE = YES_ERROR;
				GCC_WARN_UNDECLARED_SELECTOR = YES;
				GCC_WARN_UNINITIALIZED_AUTOS = YES_AGGRESSIVE;
				GCC_WARN_UNUSED_FUNCTION = YES;
				GCC_WARN_UNUSED_VARIABLE = YES;
				IPHONEOS_DEPLOYMENT_TARGET = 14.4;
				MTL_ENABLE_DEBUG_INFO = NO;
				MTL_FAST_MATH = YES;
				SDKROOT = iphoneos;
				SWIFT_COMPILATION_MODE = wholemodule;
				SWIFT_OPTIMIZATION_LEVEL = "-O";
				VALIDATE_PRODUCT = YES;
			};
			name = Release;
		};
		4966738526258D6F00B62622 /* Debug */ = {
			isa = XCBuildConfiguration;
			buildSettings = {
				ASSETCATALOG_COMPILER_APPICON_NAME = AppIcon;
				ASSETCATALOG_COMPILER_GLOBAL_ACCENT_COLOR_NAME = AccentColor;
				CODE_SIGN_STYLE = Automatic;
				DEVELOPMENT_TEAM = Z7353C93M9;
				INFOPLIST_FILE = "Slow Drinks/Resources/Info.plist";
				IPHONEOS_DEPLOYMENT_TARGET = 14.0;
				LD_RUNPATH_SEARCH_PATHS = (
					"$(inherited)",
					"@executable_path/Frameworks",
				);
				PRODUCT_BUNDLE_IDENTIFIER = "com.drinks.slow.Slow-Drinks";
				PRODUCT_NAME = "$(TARGET_NAME)";
				SWIFT_VERSION = 5.0;
				TARGETED_DEVICE_FAMILY = "1,2";
			};
			name = Debug;
		};
		4966738626258D6F00B62622 /* Release */ = {
			isa = XCBuildConfiguration;
			buildSettings = {
				ASSETCATALOG_COMPILER_APPICON_NAME = AppIcon;
				ASSETCATALOG_COMPILER_GLOBAL_ACCENT_COLOR_NAME = AccentColor;
				CODE_SIGN_STYLE = Automatic;
				DEVELOPMENT_TEAM = Z7353C93M9;
				INFOPLIST_FILE = "Slow Drinks/Resources/Info.plist";
				IPHONEOS_DEPLOYMENT_TARGET = 14.0;
				LD_RUNPATH_SEARCH_PATHS = (
					"$(inherited)",
					"@executable_path/Frameworks",
				);
				PRODUCT_BUNDLE_IDENTIFIER = "com.drinks.slow.Slow-Drinks";
				PRODUCT_NAME = "$(TARGET_NAME)";
				SWIFT_VERSION = 5.0;
				TARGETED_DEVICE_FAMILY = "1,2";
			};
			name = Release;
		};
/* End XCBuildConfiguration section */

/* Begin XCConfigurationList section */
		4966736B26258D6D00B62622 /* Build configuration list for PBXProject "Slow Drinks" */ = {
			isa = XCConfigurationList;
			buildConfigurations = (
				4966738226258D6F00B62622 /* Debug */,
				4966738326258D6F00B62622 /* Release */,
			);
			defaultConfigurationIsVisible = 0;
			defaultConfigurationName = Release;
		};
		4966738426258D6F00B62622 /* Build configuration list for PBXNativeTarget "Slow Drinks" */ = {
			isa = XCConfigurationList;
			buildConfigurations = (
				4966738526258D6F00B62622 /* Debug */,
				4966738626258D6F00B62622 /* Release */,
			);
			defaultConfigurationIsVisible = 0;
			defaultConfigurationName = Release;
		};
/* End XCConfigurationList section */

/* Begin XCRemoteSwiftPackageReference section */
		496673892625908E00B62622 /* XCRemoteSwiftPackageReference "Alamofire" */ = {
			isa = XCRemoteSwiftPackageReference;
			repositoryURL = "https://github.com/Alamofire/Alamofire";
			requirement = {
				kind = upToNextMajorVersion;
				minimumVersion = 5.4.2;
			};
		};
		4966738D262590A300B62622 /* XCRemoteSwiftPackageReference "SnapKit" */ = {
			isa = XCRemoteSwiftPackageReference;
			repositoryURL = "https://github.com/SnapKit/SnapKit";
			requirement = {
				kind = upToNextMajorVersion;
				minimumVersion = 5.0.1;
			};
		};
/* End XCRemoteSwiftPackageReference section */

/* Begin XCSwiftPackageProductDependency section */
		4966738A2625908E00B62622 /* Alamofire */ = {
			isa = XCSwiftPackageProductDependency;
			package = 496673892625908E00B62622 /* XCRemoteSwiftPackageReference "Alamofire" */;
			productName = Alamofire;
		};
		4966738E262590A300B62622 /* SnapKit */ = {
			isa = XCSwiftPackageProductDependency;
			package = 4966738D262590A300B62622 /* XCRemoteSwiftPackageReference "SnapKit" */;
			productName = SnapKit;
		};
/* End XCSwiftPackageProductDependency section */
	};
	rootObject = 4966736826258D6D00B62622 /* Project object */;
}
